
Microsoft Visual Studio Solution File, Format Version 12.00
# Visual Studio 15
VisualStudioVersion = 15.0.26124.0
MinimumVisualStudioVersion = 15.0.26124.0
Project("{FAE04EC0-301F-11D3-BF4B-00C04F79EFBC}") = "Testing", "Testing\Testing.csproj", "{A4C5C81D-4690-46CE-9867-72CBC2E33B64}"
EndProject
Project("{2150E333-8FDC-42A3-9474-1A3956D46DE8}") = "Code", "Code", "{624409B1-BE92-4C2C-9553-6BD35C994D15}"
EndProject
Project("{FAE04EC0-301F-11D3-BF4B-00C04F79EFBC}") = "Functions", "Code\Functions\Functions.csproj", "{55C3AB53-C84C-4753-86B5-53221183D50E}"
EndProject
Project("{FAE04EC0-301F-11D3-BF4B-00C04F79EFBC}") = "Iteration", "Code\Iteration\Iteration.csproj", "{B176570F-243A-42F8-8DF8-6B9C5D456924}"
EndProject
Project("{FAE04EC0-301F-11D3-BF4B-00C04F79EFBC}") = "Encryption", "Code\Encryption\Encryption.csproj", "{D11F0BE6-039C-49AC-91FE-ACD33041DF01}"
EndProject
Project("{FAE04EC0-301F-11D3-BF4B-00C04F79EFBC}") = "Stacks", "Code\Stacks\Stacks.csproj", "{AF284815-F67C-4A6F-93AF-E792A0D5D60A}"
EndProject
Project("{FAE04EC0-301F-11D3-BF4B-00C04F79EFBC}") = "Lists", "Code\Lists\Lists.csproj", "{CDC52A7C-6B49-48FF-A747-408A50B621C3}"
EndProject
Project("{FAE04EC0-301F-11D3-BF4B-00C04F79EFBC}") = "TheBasics", "Code\TheBasics\TheBasics.csproj", "{947DE4A8-3CD4-4C4A-8D57-7513319FB6FC}"
EndProject
Global
	GlobalSection(SolutionConfigurationPlatforms) = preSolution
		Debug|Any CPU = Debug|Any CPU
		Debug|x64 = Debug|x64
		Debug|x86 = Debug|x86
		Release|Any CPU = Release|Any CPU
		Release|x64 = Release|x64
		Release|x86 = Release|x86
	EndGlobalSection
	GlobalSection(SolutionProperties) = preSolution
		HideSolutionNode = FALSE
	EndGlobalSection
	GlobalSection(ProjectConfigurationPlatforms) = postSolution
		{D36351F0-58CD-46A2-AFB4-30F8C9CE9949}.Debug|Any CPU.ActiveCfg = Debug|Any CPU
		{D36351F0-58CD-46A2-AFB4-30F8C9CE9949}.Debug|Any CPU.Build.0 = Debug|Any CPU
		{D36351F0-58CD-46A2-AFB4-30F8C9CE9949}.Debug|x64.ActiveCfg = Debug|Any CPU
		{D36351F0-58CD-46A2-AFB4-30F8C9CE9949}.Debug|x64.Build.0 = Debug|Any CPU
		{D36351F0-58CD-46A2-AFB4-30F8C9CE9949}.Debug|x86.ActiveCfg = Debug|Any CPU
		{D36351F0-58CD-46A2-AFB4-30F8C9CE9949}.Debug|x86.Build.0 = Debug|Any CPU
		{D36351F0-58CD-46A2-AFB4-30F8C9CE9949}.Release|Any CPU.ActiveCfg = Release|Any CPU
		{D36351F0-58CD-46A2-AFB4-30F8C9CE9949}.Release|Any CPU.Build.0 = Release|Any CPU
		{D36351F0-58CD-46A2-AFB4-30F8C9CE9949}.Release|x64.ActiveCfg = Release|Any CPU
		{D36351F0-58CD-46A2-AFB4-30F8C9CE9949}.Release|x64.Build.0 = Release|Any CPU
		{D36351F0-58CD-46A2-AFB4-30F8C9CE9949}.Release|x86.ActiveCfg = Release|Any CPU
		{D36351F0-58CD-46A2-AFB4-30F8C9CE9949}.Release|x86.Build.0 = Release|Any CPU
		{A4C5C81D-4690-46CE-9867-72CBC2E33B64}.Debug|Any CPU.ActiveCfg = Debug|Any CPU
		{A4C5C81D-4690-46CE-9867-72CBC2E33B64}.Debug|Any CPU.Build.0 = Debug|Any CPU
		{A4C5C81D-4690-46CE-9867-72CBC2E33B64}.Debug|x64.ActiveCfg = Debug|Any CPU
		{A4C5C81D-4690-46CE-9867-72CBC2E33B64}.Debug|x64.Build.0 = Debug|Any CPU
		{A4C5C81D-4690-46CE-9867-72CBC2E33B64}.Debug|x86.ActiveCfg = Debug|Any CPU
		{A4C5C81D-4690-46CE-9867-72CBC2E33B64}.Debug|x86.Build.0 = Debug|Any CPU
		{A4C5C81D-4690-46CE-9867-72CBC2E33B64}.Release|Any CPU.ActiveCfg = Release|Any CPU
		{A4C5C81D-4690-46CE-9867-72CBC2E33B64}.Release|Any CPU.Build.0 = Release|Any CPU
		{A4C5C81D-4690-46CE-9867-72CBC2E33B64}.Release|x64.ActiveCfg = Release|Any CPU
		{A4C5C81D-4690-46CE-9867-72CBC2E33B64}.Release|x64.Build.0 = Release|Any CPU
		{A4C5C81D-4690-46CE-9867-72CBC2E33B64}.Release|x86.ActiveCfg = Release|Any CPU
		{A4C5C81D-4690-46CE-9867-72CBC2E33B64}.Release|x86.Build.0 = Release|Any CPU
		{55C3AB53-C84C-4753-86B5-53221183D50E}.Debug|Any CPU.ActiveCfg = Debug|Any CPU
		{55C3AB53-C84C-4753-86B5-53221183D50E}.Debug|Any CPU.Build.0 = Debug|Any CPU
		{55C3AB53-C84C-4753-86B5-53221183D50E}.Debug|x64.ActiveCfg = Debug|Any CPU
		{55C3AB53-C84C-4753-86B5-53221183D50E}.Debug|x64.Build.0 = Debug|Any CPU
		{55C3AB53-C84C-4753-86B5-53221183D50E}.Debug|x86.ActiveCfg = Debug|Any CPU
		{55C3AB53-C84C-4753-86B5-53221183D50E}.Debug|x86.Build.0 = Debug|Any CPU
		{55C3AB53-C84C-4753-86B5-53221183D50E}.Release|Any CPU.ActiveCfg = Release|Any CPU
		{55C3AB53-C84C-4753-86B5-53221183D50E}.Release|Any CPU.Build.0 = Release|Any CPU
		{55C3AB53-C84C-4753-86B5-53221183D50E}.Release|x64.ActiveCfg = Release|Any CPU
		{55C3AB53-C84C-4753-86B5-53221183D50E}.Release|x64.Build.0 = Release|Any CPU
		{55C3AB53-C84C-4753-86B5-53221183D50E}.Release|x86.ActiveCfg = Release|Any CPU
		{55C3AB53-C84C-4753-86B5-53221183D50E}.Release|x86.Build.0 = Release|Any CPU
		{B176570F-243A-42F8-8DF8-6B9C5D456924}.Debug|Any CPU.ActiveCfg = Debug|Any CPU
		{B176570F-243A-42F8-8DF8-6B9C5D456924}.Debug|Any CPU.Build.0 = Debug|Any CPU
		{B176570F-243A-42F8-8DF8-6B9C5D456924}.Debug|x64.ActiveCfg = Debug|Any CPU
		{B176570F-243A-42F8-8DF8-6B9C5D456924}.Debug|x64.Build.0 = Debug|Any CPU
		{B176570F-243A-42F8-8DF8-6B9C5D456924}.Debug|x86.ActiveCfg = Debug|Any CPU
		{B176570F-243A-42F8-8DF8-6B9C5D456924}.Debug|x86.Build.0 = Debug|Any CPU
		{B176570F-243A-42F8-8DF8-6B9C5D456924}.Release|Any CPU.ActiveCfg = Release|Any CPU
		{B176570F-243A-42F8-8DF8-6B9C5D456924}.Release|Any CPU.Build.0 = Release|Any CPU
		{B176570F-243A-42F8-8DF8-6B9C5D456924}.Release|x64.ActiveCfg = Release|Any CPU
		{B176570F-243A-42F8-8DF8-6B9C5D456924}.Release|x64.Build.0 = Release|Any CPU
		{B176570F-243A-42F8-8DF8-6B9C5D456924}.Release|x86.ActiveCfg = Release|Any CPU
		{B176570F-243A-42F8-8DF8-6B9C5D456924}.Release|x86.Build.0 = Release|Any CPU
		{D11F0BE6-039C-49AC-91FE-ACD33041DF01}.Debug|Any CPU.ActiveCfg = Debug|Any CPU
		{D11F0BE6-039C-49AC-91FE-ACD33041DF01}.Debug|Any CPU.Build.0 = Debug|Any CPU
		{D11F0BE6-039C-49AC-91FE-ACD33041DF01}.Debug|x64.ActiveCfg = Debug|Any CPU
		{D11F0BE6-039C-49AC-91FE-ACD33041DF01}.Debug|x64.Build.0 = Debug|Any CPU
		{D11F0BE6-039C-49AC-91FE-ACD33041DF01}.Debug|x86.ActiveCfg = Debug|Any CPU
		{D11F0BE6-039C-49AC-91FE-ACD33041DF01}.Debug|x86.Build.0 = Debug|Any CPU
		{D11F0BE6-039C-49AC-91FE-ACD33041DF01}.Release|Any CPU.ActiveCfg = Release|Any CPU
		{D11F0BE6-039C-49AC-91FE-ACD33041DF01}.Release|Any CPU.Build.0 = Release|Any CPU
		{D11F0BE6-039C-49AC-91FE-ACD33041DF01}.Release|x64.ActiveCfg = Release|Any CPU
		{D11F0BE6-039C-49AC-91FE-ACD33041DF01}.Release|x64.Build.0 = Release|Any CPU
		{D11F0BE6-039C-49AC-91FE-ACD33041DF01}.Release|x86.ActiveCfg = Release|Any CPU
		{D11F0BE6-039C-49AC-91FE-ACD33041DF01}.Release|x86.Build.0 = Release|Any CPU
		{AF284815-F67C-4A6F-93AF-E792A0D5D60A}.Debug|Any CPU.ActiveCfg = Debug|Any CPU
		{AF284815-F67C-4A6F-93AF-E792A0D5D60A}.Debug|Any CPU.Build.0 = Debug|Any CPU
		{AF284815-F67C-4A6F-93AF-E792A0D5D60A}.Debug|x64.ActiveCfg = Debug|Any CPU
		{AF284815-F67C-4A6F-93AF-E792A0D5D60A}.Debug|x64.Build.0 = Debug|Any CPU
		{AF284815-F67C-4A6F-93AF-E792A0D5D60A}.Debug|x86.ActiveCfg = Debug|Any CPU
		{AF284815-F67C-4A6F-93AF-E792A0D5D60A}.Debug|x86.Build.0 = Debug|Any CPU
		{AF284815-F67C-4A6F-93AF-E792A0D5D60A}.Release|Any CPU.ActiveCfg = Release|Any CPU
		{AF284815-F67C-4A6F-93AF-E792A0D5D60A}.Release|Any CPU.Build.0 = Release|Any CPU
		{AF284815-F67C-4A6F-93AF-E792A0D5D60A}.Release|x64.ActiveCfg = Release|Any CPU
		{AF284815-F67C-4A6F-93AF-E792A0D5D60A}.Release|x64.Build.0 = Release|Any CPU
		{AF284815-F67C-4A6F-93AF-E792A0D5D60A}.Release|x86.ActiveCfg = Release|Any CPU
		{AF284815-F67C-4A6F-93AF-E792A0D5D60A}.Release|x86.Build.0 = Release|Any CPU
		{CDC52A7C-6B49-48FF-A747-408A50B621C3}.Debug|Any CPU.ActiveCfg = Debug|Any CPU
		{CDC52A7C-6B49-48FF-A747-408A50B621C3}.Debug|Any CPU.Build.0 = Debug|Any CPU
		{CDC52A7C-6B49-48FF-A747-408A50B621C3}.Debug|x64.ActiveCfg = Debug|Any CPU
		{CDC52A7C-6B49-48FF-A747-408A50B621C3}.Debug|x64.Build.0 = Debug|Any CPU
		{CDC52A7C-6B49-48FF-A747-408A50B621C3}.Debug|x86.ActiveCfg = Debug|Any CPU
		{CDC52A7C-6B49-48FF-A747-408A50B621C3}.Debug|x86.Build.0 = Debug|Any CPU
		{CDC52A7C-6B49-48FF-A747-408A50B621C3}.Release|Any CPU.ActiveCfg = Release|Any CPU
		{CDC52A7C-6B49-48FF-A747-408A50B621C3}.Release|Any CPU.Build.0 = Release|Any CPU
		{CDC52A7C-6B49-48FF-A747-408A50B621C3}.Release|x64.ActiveCfg = Release|Any CPU
		{CDC52A7C-6B49-48FF-A747-408A50B621C3}.Release|x64.Build.0 = Release|Any CPU
		{CDC52A7C-6B49-48FF-A747-408A50B621C3}.Release|x86.ActiveCfg = Release|Any CPU
		{CDC52A7C-6B49-48FF-A747-408A50B621C3}.Release|x86.Build.0 = Release|Any CPU
		{947DE4A8-3CD4-4C4A-8D57-7513319FB6FC}.Debug|Any CPU.ActiveCfg = Debug|Any CPU
		{947DE4A8-3CD4-4C4A-8D57-7513319FB6FC}.Debug|Any CPU.Build.0 = Debug|Any CPU
		{947DE4A8-3CD4-4C4A-8D57-7513319FB6FC}.Debug|x64.ActiveCfg = Debug|Any CPU
		{947DE4A8-3CD4-4C4A-8D57-7513319FB6FC}.Debug|x64.Build.0 = Debug|Any CPU
		{947DE4A8-3CD4-4C4A-8D57-7513319FB6FC}.Debug|x86.ActiveCfg = Debug|Any CPU
		{947DE4A8-3CD4-4C4A-8D57-7513319FB6FC}.Debug|x86.Build.0 = Debug|Any CPU
		{947DE4A8-3CD4-4C4A-8D57-7513319FB6FC}.Release|Any CPU.ActiveCfg = Release|Any CPU
		{947DE4A8-3CD4-4C4A-8D57-7513319FB6FC}.Release|Any CPU.Build.0 = Release|Any CPU
		{947DE4A8-3CD4-4C4A-8D57-7513319FB6FC}.Release|x64.ActiveCfg = Release|Any CPU
		{947DE4A8-3CD4-4C4A-8D57-7513319FB6FC}.Release|x64.Build.0 = Release|Any CPU
		{947DE4A8-3CD4-4C4A-8D57-7513319FB6FC}.Release|x86.ActiveCfg = Release|Any CPU
		{947DE4A8-3CD4-4C4A-8D57-7513319FB6FC}.Release|x86.Build.0 = Release|Any CPU
	EndGlobalSection
	GlobalSection(NestedProjects) = preSolution
		{55C3AB53-C84C-4753-86B5-53221183D50E} = {624409B1-BE92-4C2C-9553-6BD35C994D15}
		{B176570F-243A-42F8-8DF8-6B9C5D456924} = {624409B1-BE92-4C2C-9553-6BD35C994D15}
		{D11F0BE6-039C-49AC-91FE-ACD33041DF01} = {624409B1-BE92-4C2C-9553-6BD35C994D15}
		{AF284815-F67C-4A6F-93AF-E792A0D5D60A} = {624409B1-BE92-4C2C-9553-6BD35C994D15}
		{CDC52A7C-6B49-48FF-A747-408A50B621C3} = {624409B1-BE92-4C2C-9553-6BD35C994D15}
		{947DE4A8-3CD4-4C4A-8D57-7513319FB6FC} = {624409B1-BE92-4C2C-9553-6BD35C994D15}
	EndGlobalSection
EndGlobal
